
Microsoft Visual Studio Solution File, Format Version 12.00
# Visual Studio Version 16
VisualStudioVersion = 16.0.30413.136
MinimumVisualStudioVersion = 10.0.40219.1
Project("{FAE04EC0-301F-11D3-BF4B-00C04F79EFBC}") = "Model", "Model\Model.csproj", "{80642F45-07A2-401F-9216-BAA94B92AFC3}"
EndProject
Project("{9A19103F-16F7-4668-BE54-9A1E7A4F7556}") = "FirstApp", "FirstApp\FirstApp.csproj", "{3E355131-9343-4B4C-B066-CBE718970ECA}"
EndProject
Project("{9A19103F-16F7-4668-BE54-9A1E7A4F7556}") = "SecondApp", "SecondApp\SecondApp.csproj", "{30BA615C-C987-4D9F-A30A-4EC246BA2E0C}"
EndProject
Global
	GlobalSection(SolutionConfigurationPlatforms) = preSolution
		Debug|Any CPU = Debug|Any CPU
		Release|Any CPU = Release|Any CPU
	EndGlobalSection
	GlobalSection(ProjectConfigurationPlatforms) = postSolution
		{80642F45-07A2-401F-9216-BAA94B92AFC3}.Debug|Any CPU.ActiveCfg = Debug|Any CPU
		{80642F45-07A2-401F-9216-BAA94B92AFC3}.Debug|Any CPU.Build.0 = Debug|Any CPU
		{80642F45-07A2-401F-9216-BAA94B92AFC3}.Release|Any CPU.ActiveCfg = Release|Any CPU
		{80642F45-07A2-401F-9216-BAA94B92AFC3}.Release|Any CPU.Build.0 = Release|Any CPU
		{3E355131-9343-4B4C-B066-CBE718970ECA}.Debug|Any CPU.ActiveCfg = Debug|Any CPU
		{3E355131-9343-4B4C-B066-CBE718970ECA}.Debug|Any CPU.Build.0 = Debug|Any CPU
		{3E355131-9343-4B4C-B066-CBE718970ECA}.Release|Any CPU.ActiveCfg = Release|Any CPU
		{3E355131-9343-4B4C-B066-CBE718970ECA}.Release|Any CPU.Build.0 = Release|Any CPU
		{30BA615C-C987-4D9F-A30A-4EC246BA2E0C}.Debug|Any CPU.ActiveCfg = Debug|Any CPU
		{30BA615C-C987-4D9F-A30A-4EC246BA2E0C}.Debug|Any CPU.Build.0 = Debug|Any CPU
		{30BA615C-C987-4D9F-A30A-4EC246BA2E0C}.Release|Any CPU.ActiveCfg = Release|Any CPU
		{30BA615C-C987-4D9F-A30A-4EC246BA2E0C}.Release|Any CPU.Build.0 = Release|Any CPU
	EndGlobalSection
	GlobalSection(SolutionProperties) = preSolution
		HideSolutionNode = FALSE
	EndGlobalSection
	GlobalSection(ExtensibilityGlobals) = postSolution
		SolutionGuid = {4290D14B-5BE5-4DD1-B470-D0CC49599E0D}
	EndGlobalSection
EndGlobal
